
Microsoft Visual Studio Solution File, Format Version 12.00
# Visual Studio Version 17
VisualStudioVersion = 17.10.34916.146
MinimumVisualStudioVersion = 10.0.40219.1
Project("{9A19103F-16F7-4668-BE54-9A1E7A4F7556}") = "CodingExercise", "CodingExercise\CodingExercise.csproj", "{BD9DB090-2E02-4F7E-A2A2-EDFD6977891D}"
EndProject
Project("{FAE04EC0-301F-11D3-BF4B-00C04F79EFBC}") = "CodingExercise.Tests", "CodingExercise.Tests\CodingExercise.Tests.csproj", "{41007FC5-775C-46FB-A064-9723CB2AAA63}"
EndProject
Global
	GlobalSection(SolutionConfigurationPlatforms) = preSolution
		Debug|Any CPU = Debug|Any CPU
		Release|Any CPU = Release|Any CPU
	EndGlobalSection
	GlobalSection(ProjectConfigurationPlatforms) = postSolution
		{BD9DB090-2E02-4F7E-A2A2-EDFD6977891D}.Debug|Any CPU.ActiveCfg = Debug|Any CPU
		{BD9DB090-2E02-4F7E-A2A2-EDFD6977891D}.Debug|Any CPU.Build.0 = Debug|Any CPU
		{BD9DB090-2E02-4F7E-A2A2-EDFD6977891D}.Release|Any CPU.ActiveCfg = Release|Any CPU
		{BD9DB090-2E02-4F7E-A2A2-EDFD6977891D}.Release|Any CPU.Build.0 = Release|Any CPU
		{41007FC5-775C-46FB-A064-9723CB2AAA63}.Debug|Any CPU.ActiveCfg = Debug|Any CPU
		{41007FC5-775C-46FB-A064-9723CB2AAA63}.Debug|Any CPU.Build.0 = Debug|Any CPU
		{41007FC5-775C-46FB-A064-9723CB2AAA63}.Release|Any CPU.ActiveCfg = Release|Any CPU
		{41007FC5-775C-46FB-A064-9723CB2AAA63}.Release|Any CPU.Build.0 = Release|Any CPU
	EndGlobalSection
	GlobalSection(SolutionProperties) = preSolution
		HideSolutionNode = FALSE
	EndGlobalSection
	GlobalSection(ExtensibilityGlobals) = postSolution
		SolutionGuid = {7E865AB0-747B-4FE4-8438-370F5D53B9B9}
	EndGlobalSection
EndGlobal
